
Microsoft Visual Studio Solution File, Format Version 12.00
# Visual Studio 15
VisualStudioVersion = 15.0.28307.271
MinimumVisualStudioVersion = 10.0.40219.1
Project("{FAE04EC0-301F-11D3-BF4B-00C04F79EFBC}") = "Singleton (одиночка)", "Singleton (одиночка)\Singleton (одиночка).csproj", "{F56D4189-7A8F-4F3F-968E-F3774489D45B}"
EndProject
Global
	GlobalSection(SolutionConfigurationPlatforms) = preSolution
		Debug|Any CPU = Debug|Any CPU
		Release|Any CPU = Release|Any CPU
	EndGlobalSection
	GlobalSection(ProjectConfigurationPlatforms) = postSolution
		{F56D4189-7A8F-4F3F-968E-F3774489D45B}.Debug|Any CPU.ActiveCfg = Debug|Any CPU
		{F56D4189-7A8F-4F3F-968E-F3774489D45B}.Debug|Any CPU.Build.0 = Debug|Any CPU
		{F56D4189-7A8F-4F3F-968E-F3774489D45B}.Release|Any CPU.ActiveCfg = Release|Any CPU
		{F56D4189-7A8F-4F3F-968E-F3774489D45B}.Release|Any CPU.Build.0 = Release|Any CPU
	EndGlobalSection
	GlobalSection(SolutionProperties) = preSolution
		HideSolutionNode = FALSE
	EndGlobalSection
	GlobalSection(ExtensibilityGlobals) = postSolution
		SolutionGuid = {F25D9FB0-4DC7-4737-A65D-D5B278BBDBF2}
	EndGlobalSection
EndGlobal
